
Microsoft Visual Studio Solution File, Format Version 12.00
# Visual Studio Version 17
VisualStudioVersion = 17.10.35027.167
MinimumVisualStudioVersion = 10.0.40219.1
Project("{FAE04EC0-301F-11D3-BF4B-00C04F79EFBC}") = "2D_Array_Recap", "2D_Array_Recap\2D_Array_Recap.csproj", "{E84AF607-CCF0-4C1B-9E2A-74AF270D922F}"
EndProject
Global
	GlobalSection(SolutionConfigurationPlatforms) = preSolution
		Debug|Any CPU = Debug|Any CPU
		Release|Any CPU = Release|Any CPU
	EndGlobalSection
	GlobalSection(ProjectConfigurationPlatforms) = postSolution
		{E84AF607-CCF0-4C1B-9E2A-74AF270D922F}.Debug|Any CPU.ActiveCfg = Debug|Any CPU
		{E84AF607-CCF0-4C1B-9E2A-74AF270D922F}.Debug|Any CPU.Build.0 = Debug|Any CPU
		{E84AF607-CCF0-4C1B-9E2A-74AF270D922F}.Release|Any CPU.ActiveCfg = Release|Any CPU
		{E84AF607-CCF0-4C1B-9E2A-74AF270D922F}.Release|Any CPU.Build.0 = Release|Any CPU
	EndGlobalSection
	GlobalSection(SolutionProperties) = preSolution
		HideSolutionNode = FALSE
	EndGlobalSection
	GlobalSection(ExtensibilityGlobals) = postSolution
		SolutionGuid = {A7EC6749-917B-4232-AB82-A183574C2365}
	EndGlobalSection
EndGlobal
